
Microsoft Visual Studio Solution File, Format Version 12.00
# Visual Studio Version 16
VisualStudioVersion = 16.0.29521.150
MinimumVisualStudioVersion = 10.0.40219.1
Project("{2150E333-8FDC-42A3-9474-1A3956D46DE8}") = "root", "root", "{49A4BA5F-E546-443B-A541-CA1EA36BCF70}"
	ProjectSection(SolutionItems) = preProject
		.editorconfig = .editorconfig
		.gitattributes = .gitattributes
		.gitignore = .gitignore
		Directory.Build.props = Directory.Build.props
		Directory.Build.targets = Directory.Build.targets
		LICENSE = LICENSE
		README.md = README.md
	EndProjectSection
EndProject
Project("{2150E333-8FDC-42A3-9474-1A3956D46DE8}") = "samples", "samples", "{421325E9-9344-43DD-962E-D1FE890F7E8D}"
	ProjectSection(SolutionItems) = preProject
		samples\Directory.Build.props = samples\Directory.Build.props
		samples\Directory.Build.targets = samples\Directory.Build.targets
	EndProjectSection
EndProject
Project("{2150E333-8FDC-42A3-9474-1A3956D46DE8}") = "src", "src", "{B03343F8-EE4C-4386-90BF-94225E44D24C}"
	ProjectSection(SolutionItems) = preProject
		src\Directory.Build.props = src\Directory.Build.props
		src\Directory.Build.targets = src\Directory.Build.targets
	EndProjectSection
EndProject
Project("{2150E333-8FDC-42A3-9474-1A3956D46DE8}") = "tests", "tests", "{923EB0D6-45A2-4E56-9979-E80FAF9EDE75}"
	ProjectSection(SolutionItems) = preProject
		tests\Directory.Build.props = tests\Directory.Build.props
		tests\Directory.Build.targets = tests\Directory.Build.targets
	EndProjectSection
EndProject
Project("{9A19103F-16F7-4668-BE54-9A1E7A4F7556}") = "Sample.Service", "samples\Sample.Service\Sample.Service.csproj", "{B20B9859-B36F-4C12-8AEE-2E4631E6E477}"
EndProject
Project("{9A19103F-16F7-4668-BE54-9A1E7A4F7556}") = "Sample.Templates", "samples\Sample.Templates\Sample.Templates.csproj", "{EDF5D8A1-8DBA-43C6-BD58-4A2933E8A985}"
EndProject
Project("{9A19103F-16F7-4668-BE54-9A1E7A4F7556}") = "Skyhop.Mail", "src\Skyhop.Mail\Skyhop.Mail.csproj", "{23BAD21E-79CB-4665-AD95-EDC0B2449C58}"
EndProject
Project("{9A19103F-16F7-4668-BE54-9A1E7A4F7556}") = "Skyhop.Mail.Abstractions", "src\Skyhop.Mail.Abstractions\Skyhop.Mail.Abstractions.csproj", "{1F4A7C5A-53F6-441B-ADAC-E880AB4CA3B6}"
EndProject
Global
	GlobalSection(SolutionConfigurationPlatforms) = preSolution
		Debug|Any CPU = Debug|Any CPU
		Release|Any CPU = Release|Any CPU
	EndGlobalSection
	GlobalSection(ProjectConfigurationPlatforms) = postSolution
		{B20B9859-B36F-4C12-8AEE-2E4631E6E477}.Debug|Any CPU.ActiveCfg = Debug|Any CPU
		{B20B9859-B36F-4C12-8AEE-2E4631E6E477}.Debug|Any CPU.Build.0 = Debug|Any CPU
		{B20B9859-B36F-4C12-8AEE-2E4631E6E477}.Release|Any CPU.ActiveCfg = Release|Any CPU
		{B20B9859-B36F-4C12-8AEE-2E4631E6E477}.Release|Any CPU.Build.0 = Release|Any CPU
		{EDF5D8A1-8DBA-43C6-BD58-4A2933E8A985}.Debug|Any CPU.ActiveCfg = Debug|Any CPU
		{EDF5D8A1-8DBA-43C6-BD58-4A2933E8A985}.Debug|Any CPU.Build.0 = Debug|Any CPU
		{EDF5D8A1-8DBA-43C6-BD58-4A2933E8A985}.Release|Any CPU.ActiveCfg = Release|Any CPU
		{EDF5D8A1-8DBA-43C6-BD58-4A2933E8A985}.Release|Any CPU.Build.0 = Release|Any CPU
		{23BAD21E-79CB-4665-AD95-EDC0B2449C58}.Debug|Any CPU.ActiveCfg = Debug|Any CPU
		{23BAD21E-79CB-4665-AD95-EDC0B2449C58}.Debug|Any CPU.Build.0 = Debug|Any CPU
		{23BAD21E-79CB-4665-AD95-EDC0B2449C58}.Release|Any CPU.ActiveCfg = Release|Any CPU
		{23BAD21E-79CB-4665-AD95-EDC0B2449C58}.Release|Any CPU.Build.0 = Release|Any CPU
		{1F4A7C5A-53F6-441B-ADAC-E880AB4CA3B6}.Debug|Any CPU.ActiveCfg = Debug|Any CPU
		{1F4A7C5A-53F6-441B-ADAC-E880AB4CA3B6}.Debug|Any CPU.Build.0 = Debug|Any CPU
		{1F4A7C5A-53F6-441B-ADAC-E880AB4CA3B6}.Release|Any CPU.ActiveCfg = Release|Any CPU
		{1F4A7C5A-53F6-441B-ADAC-E880AB4CA3B6}.Release|Any CPU.Build.0 = Release|Any CPU
	EndGlobalSection
	GlobalSection(SolutionProperties) = preSolution
		HideSolutionNode = FALSE
	EndGlobalSection
	GlobalSection(NestedProjects) = preSolution
		{421325E9-9344-43DD-962E-D1FE890F7E8D} = {49A4BA5F-E546-443B-A541-CA1EA36BCF70}
		{B03343F8-EE4C-4386-90BF-94225E44D24C} = {49A4BA5F-E546-443B-A541-CA1EA36BCF70}
		{923EB0D6-45A2-4E56-9979-E80FAF9EDE75} = {49A4BA5F-E546-443B-A541-CA1EA36BCF70}
		{B20B9859-B36F-4C12-8AEE-2E4631E6E477} = {421325E9-9344-43DD-962E-D1FE890F7E8D}
		{EDF5D8A1-8DBA-43C6-BD58-4A2933E8A985} = {421325E9-9344-43DD-962E-D1FE890F7E8D}
		{23BAD21E-79CB-4665-AD95-EDC0B2449C58} = {B03343F8-EE4C-4386-90BF-94225E44D24C}
		{1F4A7C5A-53F6-441B-ADAC-E880AB4CA3B6} = {B03343F8-EE4C-4386-90BF-94225E44D24C}
	EndGlobalSection
	GlobalSection(ExtensibilityGlobals) = postSolution
		SolutionGuid = {02451752-289A-4A52-9BBF-1BCB4C640289}
	EndGlobalSection
EndGlobal
